<Solution>
  <Folder Name="/src/">
    <Project Path="src/BiseSukkur.Core/BiseSukkur.Core.csproj" />
    <Project Path="src/BiseSukkur.Application/BiseSukkur.Application.csproj" />
    <Project Path="src/BiseSukkur.Infrastructure/BiseSukkur.Infrastructure.csproj" />
    <Project Path="src/BiseSukkur.Web/BiseSukkur.Web.csproj" />
  </Folder>
  <Folder Name="/tests/">
    <Project Path="tests/BiseSukkur.Core.Tests/BiseSukkur.Core.Tests.csproj" />
    <Project Path="tests/BiseSukkur.Infrastructure.Tests/BiseSukkur.Infrastructure.Tests.csproj" />
    <Project Path="tests/BiseSukkur.Web.Tests/BiseSukkur.Web.Tests.csproj" />
  </Folder>
</Solution>
